
Microsoft Visual Studio Solution File, Format Version 12.00
# Visual Studio Version 17
VisualStudioVersion = 17.11.35312.102
MinimumVisualStudioVersion = 10.0.40219.1
Project("{FAE04EC0-301F-11D3-BF4B-00C04F79EFBC}") = "Lab_2", "Lab_2.csproj", "{C38860CC-A66A-483E-8784-63FC3739BDFA}"
EndProject
Global
	GlobalSection(SolutionConfigurationPlatforms) = preSolution
		Debug|Any CPU = Debug|Any CPU
		Release|Any CPU = Release|Any CPU
	EndGlobalSection
	GlobalSection(ProjectConfigurationPlatforms) = postSolution
		{C38860CC-A66A-483E-8784-63FC3739BDFA}.Debug|Any CPU.ActiveCfg = Debug|Any CPU
		{C38860CC-A66A-483E-8784-63FC3739BDFA}.Debug|Any CPU.Build.0 = Debug|Any CPU
		{C38860CC-A66A-483E-8784-63FC3739BDFA}.Release|Any CPU.ActiveCfg = Release|Any CPU
		{C38860CC-A66A-483E-8784-63FC3739BDFA}.Release|Any CPU.Build.0 = Release|Any CPU
	EndGlobalSection
	GlobalSection(SolutionProperties) = preSolution
		HideSolutionNode = FALSE
	EndGlobalSection
	GlobalSection(ExtensibilityGlobals) = postSolution
		SolutionGuid = {B58B4A5F-C9E1-432B-B693-27925DCB4D72}
	EndGlobalSection
EndGlobal
